
Microsoft Visual Studio Solution File, Format Version 12.00
# Visual Studio Version 17
VisualStudioVersion = 17.3.32819.101
MinimumVisualStudioVersion = 10.0.40219.1
Project("{FAE04EC0-301F-11D3-BF4B-00C04F79EFBC}") = "Calculator", "SatisfactoryCalculator\Calculator.csproj", "{EB98AE39-FCC4-442A-BD87-B2ED68574ADE}"
EndProject
Project("{FAE04EC0-301F-11D3-BF4B-00C04F79EFBC}") = "Services", "Services\Services.csproj", "{61A3E5E0-CA55-4E0B-BA0A-D9272C443FAF}"
EndProject
Project("{FAE04EC0-301F-11D3-BF4B-00C04F79EFBC}") = "DocsServices", "DocsServices\DocsServices.csproj", "{1C5B3B09-7478-4989-9F17-63447A1ACEAC}"
EndProject
Project("{FAE04EC0-301F-11D3-BF4B-00C04F79EFBC}") = "Shared", "Shared\Shared.csproj", "{15E4F364-39DB-463C-87D6-C164CD0777C8}"
EndProject
Project("{FAE04EC0-301F-11D3-BF4B-00C04F79EFBC}") = "Controls", "Controls\Controls.csproj", "{356BD6AC-66F6-4B19-9D46-06AEEA5362C0}"
EndProject
Global
	GlobalSection(SolutionConfigurationPlatforms) = preSolution
		Debug|Any CPU = Debug|Any CPU
		Release|Any CPU = Release|Any CPU
	EndGlobalSection
	GlobalSection(ProjectConfigurationPlatforms) = postSolution
		{EB98AE39-FCC4-442A-BD87-B2ED68574ADE}.Debug|Any CPU.ActiveCfg = Debug|Any CPU
		{EB98AE39-FCC4-442A-BD87-B2ED68574ADE}.Debug|Any CPU.Build.0 = Debug|Any CPU
		{EB98AE39-FCC4-442A-BD87-B2ED68574ADE}.Release|Any CPU.ActiveCfg = Release|Any CPU
		{EB98AE39-FCC4-442A-BD87-B2ED68574ADE}.Release|Any CPU.Build.0 = Release|Any CPU
		{61A3E5E0-CA55-4E0B-BA0A-D9272C443FAF}.Debug|Any CPU.ActiveCfg = Debug|Any CPU
		{61A3E5E0-CA55-4E0B-BA0A-D9272C443FAF}.Debug|Any CPU.Build.0 = Debug|Any CPU
		{61A3E5E0-CA55-4E0B-BA0A-D9272C443FAF}.Release|Any CPU.ActiveCfg = Release|Any CPU
		{61A3E5E0-CA55-4E0B-BA0A-D9272C443FAF}.Release|Any CPU.Build.0 = Release|Any CPU
		{1C5B3B09-7478-4989-9F17-63447A1ACEAC}.Debug|Any CPU.ActiveCfg = Debug|Any CPU
		{1C5B3B09-7478-4989-9F17-63447A1ACEAC}.Debug|Any CPU.Build.0 = Debug|Any CPU
		{1C5B3B09-7478-4989-9F17-63447A1ACEAC}.Release|Any CPU.ActiveCfg = Release|Any CPU
		{1C5B3B09-7478-4989-9F17-63447A1ACEAC}.Release|Any CPU.Build.0 = Release|Any CPU
		{15E4F364-39DB-463C-87D6-C164CD0777C8}.Debug|Any CPU.ActiveCfg = Debug|Any CPU
		{15E4F364-39DB-463C-87D6-C164CD0777C8}.Debug|Any CPU.Build.0 = Debug|Any CPU
		{15E4F364-39DB-463C-87D6-C164CD0777C8}.Release|Any CPU.ActiveCfg = Release|Any CPU
		{15E4F364-39DB-463C-87D6-C164CD0777C8}.Release|Any CPU.Build.0 = Release|Any CPU
		{356BD6AC-66F6-4B19-9D46-06AEEA5362C0}.Debug|Any CPU.ActiveCfg = Debug|Any CPU
		{356BD6AC-66F6-4B19-9D46-06AEEA5362C0}.Debug|Any CPU.Build.0 = Debug|Any CPU
		{356BD6AC-66F6-4B19-9D46-06AEEA5362C0}.Release|Any CPU.ActiveCfg = Release|Any CPU
		{356BD6AC-66F6-4B19-9D46-06AEEA5362C0}.Release|Any CPU.Build.0 = Release|Any CPU
	EndGlobalSection
	GlobalSection(SolutionProperties) = preSolution
		HideSolutionNode = FALSE
	EndGlobalSection
	GlobalSection(ExtensibilityGlobals) = postSolution
		SolutionGuid = {807BFC82-2D2F-4E90-891B-2CC239220883}
	EndGlobalSection
EndGlobal
